// !$*UTF8*$!
{
	archiveVersion = 1;
	classes = {
	};
	objectVersion = 48;
	objects = {

/* Begin PBXBuildFile section */
		1FAAE14A1F97051A00858FE3 /* AppDelegate.swift in Sources */ = {isa = PBXBuildFile; fileRef = 1FAAE1491F97051A00858FE3 /* AppDelegate.swift */; };
		1FAAE14C1F97051A00858FE3 /* ViewController.swift in Sources */ = {isa = PBXBuildFile; fileRef = 1FAAE14B1F97051A00858FE3 /* ViewController.swift */; };
		1FAAE14F1F97051A00858FE3 /* Main.storyboard in Resources */ = {isa = PBXBuildFile; fileRef = 1FAAE14D1F97051A00858FE3 /* Main.storyboard */; };
		1FAAE1521F97051A00858FE3 /* Tajbih.xcdatamodeld in Sources */ = {isa = PBXBuildFile; fileRef = 1FAAE1501F97051A00858FE3 /* Tajbih.xcdatamodeld */; };
		1FAAE1541F97051A00858FE3 /* Assets.xcassets in Resources */ = {isa = PBXBuildFile; fileRef = 1FAAE1531F97051A00858FE3 /* Assets.xcassets */; };
		1FAAE1571F97051A00858FE3 /* LaunchScreen.storyboard in Resources */ = {isa = PBXBuildFile; fileRef = 1FAAE1551F97051A00858FE3 /* LaunchScreen.storyboard */; };
		1FAAE1621F97051A00858FE3 /* TajbihTests.swift in Sources */ = {isa = PBXBuildFile; fileRef = 1FAAE1611F97051A00858FE3 /* TajbihTests.swift */; };
		1FAAE16D1F97051A00858FE3 /* TajbihUITests.swift in Sources */ = {isa = PBXBuildFile; fileRef = 1FAAE16C1F97051A00858FE3 /* TajbihUITests.swift */; };
/* End PBXBuildFile section */

/* Begin PBXContainerItemProxy section */
		1FAAE15E1F97051A00858FE3 /* PBXContainerItemProxy */ = {
			isa = PBXContainerItemProxy;
			containerPortal = 1FAAE13E1F97051A00858FE3 /* Project object */;
			proxyType = 1;
			remoteGlobalIDString = 1FAAE1451F97051A00858FE3;
			remoteInfo = Tajbih;
		};
		1FAAE1691F97051A00858FE3 /* PBXContainerItemProxy */ = {
			isa = PBXContainerItemProxy;
			containerPortal = 1FAAE13E1F97051A00858FE3 /* Project object */;
			proxyType = 1;
			remoteGlobalIDString = 1FAAE1451F97051A00858FE3;
			remoteInfo = Tajbih;
		};
/* End PBXContainerItemProxy section */

/* Begin PBXFileReference section */
		1FAAE1461F97051A00858FE3 /* Tajbih.app */ = {isa = PBXFileReference; explicitFileType = wrapper.application; includeInIndex = 0; path = Tajbih.app; sourceTree = BUILT_PRODUCTS_DIR; };
		1FAAE1491F97051A00858FE3 /* AppDelegate.swift */ = {isa = PBXFileReference; lastKnownFileType = sourcecode.swift; path = AppDelegate.swift; sourceTree = "<group>"; };
		1FAAE14B1F97051A00858FE3 /* ViewController.swift */ = {isa = PBXFileReference; lastKnownFileType = sourcecode.swift; path = ViewController.swift; sourceTree = "<group>"; };
		1FAAE14E1F97051A00858FE3 /* Base */ = {isa = PBXFileReference; lastKnownFileType = file.storyboard; name = Base; path = Base.lproj/Main.storyboard; sourceTree = "<group>"; };
		1FAAE1511F97051A00858FE3 /* Tajbih.xcdatamodel */ = {isa = PBXFileReference; lastKnownFileType = wrapper.xcdatamodel; path = Tajbih.xcdatamodel; sourceTree = "<group>"; };
		1FAAE1531F97051A00858FE3 /* Assets.xcassets */ = {isa = PBXFileReference; lastKnownFileType = folder.assetcatalog; path = Assets.xcassets; sourceTree = "<group>"; };
		1FAAE1561F97051A00858FE3 /* Base */ = {isa = PBXFileReference; lastKnownFileType = file.storyboard; name = Base; path = Base.lproj/LaunchScreen.storyboard; sourceTree = "<group>"; };
		1FAAE1581F97051A00858FE3 /* Info.plist */ = {isa = PBXFileReference; lastKnownFileType = text.plist.xml; path = Info.plist; sourceTree = "<group>"; };
		1FAAE15D1F97051A00858FE3 /* TajbihTests.xctest */ = {isa = PBXFileReference; explicitFileType = wrapper.cfbundle; includeInIndex = 0; path = TajbihTests.xctest; sourceTree = BUILT_PRODUCTS_DIR; };
		1FAAE1611F97051A00858FE3 /* TajbihTests.swift */ = {isa = PBXFileReference; lastKnownFileType = sourcecode.swift; path = TajbihTests.swift; sourceTree = "<group>"; };
		1FAAE1631F97051A00858FE3 /* Info.plist */ = {isa = PBXFileReference; lastKnownFileType = text.plist.xml; path = Info.plist; sourceTree = "<group>"; };
		1FAAE1681F97051A00858FE3 /* TajbihUITests.xctest */ = {isa = PBXFileReference; explicitFileType = wrapper.cfbundle; includeInIndex = 0; path = TajbihUITests.xctest; sourceTree = BUILT_PRODUCTS_DIR; };
		1FAAE16C1F97051A00858FE3 /* TajbihUITests.swift */ = {isa = PBXFileReference; lastKnownFileType = sourcecode.swift; path = TajbihUITests.swift; sourceTree = "<group>"; };
		1FAAE16E1F97051A00858FE3 /* Info.plist */ = {isa = PBXFileReference; lastKnownFileType = text.plist.xml; path = Info.plist; sourceTree = "<group>"; };
/* End PBXFileReference section */

/* Begin PBXFrameworksBuildPhase section */
		1FAAE1431F97051A00858FE3 /* Frameworks */ = {
			isa = PBXFrameworksBuildPhase;
			buildActionMask = 2147483647;
			files = (
			);
			runOnlyForDeploymentPostprocessing = 0;
		};
		1FAAE15A1F97051A00858FE3 /* Frameworks */ = {
			isa = PBXFrameworksBuildPhase;
			buildActionMask = 2147483647;
			files = (
			);
			runOnlyForDeploymentPostprocessing = 0;
		};
		1FAAE1651F97051A00858FE3 /* Frameworks */ = {
			isa = PBXFrameworksBuildPhase;
			buildActionMask = 2147483647;
			files = (
			);
			runOnlyForDeploymentPostprocessing = 0;
		};
/* End PBXFrameworksBuildPhase section */

/* Begin PBXGroup section */
		1FAAE13D1F97051A00858FE3 = {
			isa = PBXGroup;
			children = (
				1FAAE1481F97051A00858FE3 /* Tajbih */,
				1FAAE1601F97051A00858FE3 /* TajbihTests */,
				1FAAE16B1F97051A00858FE3 /* TajbihUITests */,
				1FAAE1471F97051A00858FE3 /* Products */,
			);
			sourceTree = "<group>";
		};
		1FAAE1471F97051A00858FE3 /* Products */ = {
			isa = PBXGroup;
			children = (
				1FAAE1461F97051A00858FE3 /* Tajbih.app */,
				1FAAE15D1F97051A00858FE3 /* TajbihTests.xctest */,
				1FAAE1681F97051A00858FE3 /* TajbihUITests.xctest */,
			);
			name = Products;
			sourceTree = "<group>";
		};
		1FAAE1481F97051A00858FE3 /* Tajbih */ = {
			isa = PBXGroup;
			children = (
				1FAAE1491F97051A00858FE3 /* AppDelegate.swift */,
				1FAAE14B1F97051A00858FE3 /* ViewController.swift */,
				1FAAE14D1F97051A00858FE3 /* Main.storyboard */,
				1FAAE1531F97051A00858FE3 /* Assets.xcassets */,
				1FAAE1551F97051A00858FE3 /* LaunchScreen.storyboard */,
				1FAAE1581F97051A00858FE3 /* Info.plist */,
				1FAAE1501F97051A00858FE3 /* Tajbih.xcdatamodeld */,
			);
			path = Tajbih;
			sourceTree = "<group>";
		};
		1FAAE1601F97051A00858FE3 /* TajbihTests */ = {
			isa = PBXGroup;
			children = (
				1FAAE1611F97051A00858FE3 /* TajbihTests.swift */,
				1FAAE1631F97051A00858FE3 /* Info.plist */,
			);
			path = TajbihTests;
			sourceTree = "<group>";
		};
		1FAAE16B1F97051A00858FE3 /* TajbihUITests */ = {
			isa = PBXGroup;
			children = (
				1FAAE16C1F97051A00858FE3 /* TajbihUITests.swift */,
				1FAAE16E1F97051A00858FE3 /* Info.plist */,
			);
			path = TajbihUITests;
			sourceTree = "<group>";
		};
/* End PBXGroup section */

/* Begin PBXNativeTarget section */
		1FAAE1451F97051A00858FE3 /* Tajbih */ = {
			isa = PBXNativeTarget;
			buildConfigurationList = 1FAAE1711F97051A00858FE3 /* Build configuration list for PBXNativeTarget "Tajbih" */;
			buildPhases = (
				1FAAE1421F97051A00858FE3 /* Sources */,
				1FAAE1431F97051A00858FE3 /* Frameworks */,
				1FAAE1441F97051A00858FE3 /* Resources */,
			);
			buildRules = (
			);
			dependencies = (
			);
			name = Tajbih;
			productName = Tajbih;
			productReference = 1FAAE1461F97051A00858FE3 /* Tajbih.app */;
			productType = "com.apple.product-type.application";
		};
		1FAAE15C1F97051A00858FE3 /* TajbihTests */ = {
			isa = PBXNativeTarget;
			buildConfigurationList = 1FAAE1741F97051A00858FE3 /* Build configuration list for PBXNativeTarget "TajbihTests" */;
			buildPhases = (
				1FAAE1591F97051A00858FE3 /* Sources */,
				1FAAE15A1F97051A00858FE3 /* Frameworks */,
				1FAAE15B1F97051A00858FE3 /* Resources */,
			);
			buildRules = (
			);
			dependencies = (
				1FAAE15F1F97051A00858FE3 /* PBXTargetDependency */,
			);
			name = TajbihTests;
			productName = TajbihTests;
			productReference = 1FAAE15D1F97051A00858FE3 /* TajbihTests.xctest */;
			productType = "com.apple.product-type.bundle.unit-test";
		};
		1FAAE1671F97051A00858FE3 /* TajbihUITests */ = {
			isa = PBXNativeTarget;
			buildConfigurationList = 1FAAE1771F97051A00858FE3 /* Build configuration list for PBXNativeTarget "TajbihUITests" */;
			buildPhases = (
				1FAAE1641F97051A00858FE3 /* Sources */,
				1FAAE1651F97051A00858FE3 /* Frameworks */,
				1FAAE1661F97051A00858FE3 /* Resources */,
			);
			buildRules = (
			);
			dependencies = (
				1FAAE16A1F97051A00858FE3 /* PBXTargetDependency */,
			);
			name = TajbihUITests;
			productName = TajbihUITests;
			productReference = 1FAAE1681F97051A00858FE3 /* TajbihUITests.xctest */;
			productType = "com.apple.product-type.bundle.ui-testing";
		};
/* End PBXNativeTarget section */

/* Begin PBXProject section */
		1FAAE13E1F97051A00858FE3 /* Project object */ = {
			isa = PBXProject;
			attributes = {
				LastSwiftUpdateCheck = 0900;
				LastUpgradeCheck = 0900;
				ORGANIZATIONNAME = "Md. Asiful Islam";
				TargetAttributes = {
					1FAAE1451F97051A00858FE3 = {
						CreatedOnToolsVersion = 9.0;
						ProvisioningStyle = Automatic;
					};
					1FAAE15C1F97051A00858FE3 = {
						CreatedOnToolsVersion = 9.0;
						ProvisioningStyle = Automatic;
						TestTargetID = 1FAAE1451F97051A00858FE3;
					};
					1FAAE1671F97051A00858FE3 = {
						CreatedOnToolsVersion = 9.0;
						ProvisioningStyle = Automatic;
						TestTargetID = 1FAAE1451F97051A00858FE3;
					};
				};
			};
			buildConfigurationList = 1FAAE1411F97051A00858FE3 /* Build configuration list for PBXProject "Tajbih" */;
			compatibilityVersion = "Xcode 8.0";
			developmentRegion = en;
			hasScannedForEncodings = 0;
			knownRegions = (
				en,
				Base,
			);
			mainGroup = 1FAAE13D1F97051A00858FE3;
			productRefGroup = 1FAAE1471F97051A00858FE3 /* Products */;
			projectDirPath = "";
			projectRoot = "";
			targets = (
				1FAAE1451F97051A00858FE3 /* Tajbih */,
				1FAAE15C1F97051A00858FE3 /* TajbihTests */,
				1FAAE1671F97051A00858FE3 /* TajbihUITests */,
			);
		};
/* End PBXProject section */

/* Begin PBXResourcesBuildPhase section */
		1FAAE1441F97051A00858FE3 /* Resources */ = {
			isa = PBXResourcesBuildPhase;
			buildActionMask = 2147483647;
			files = (
				1FAAE1571F97051A00858FE3 /* LaunchScreen.storyboard in Resources */,
				1FAAE1541F97051A00858FE3 /* Assets.xcassets in Resources */,
				1FAAE14F1F97051A00858FE3 /* Main.storyboard in Resources */,
			);
			runOnlyForDeploymentPostprocessing = 0;
		};
		1FAAE15B1F97051A00858FE3 /* Resources */ = {
			isa = PBXResourcesBuildPhase;
			buildActionMask = 2147483647;
			files = (
			);
			runOnlyForDeploymentPostprocessing = 0;
		};
		1FAAE1661F97051A00858FE3 /* Resources */ = {
			isa = PBXResourcesBuildPhase;
			buildActionMask = 2147483647;
			files = (
			);
			runOnlyForDeploymentPostprocessing = 0;
		};
/* End PBXResourcesBuildPhase section */

/* Begin PBXSourcesBuildPhase section */
		1FAAE1421F97051A00858FE3 /* Sources */ = {
			isa = PBXSourcesBuildPhase;
			buildActionMask = 2147483647;
			files = (
				1FAAE14C1F97051A00858FE3 /* ViewController.swift in Sources */,
				1FAAE14A1F97051A00858FE3 /* AppDelegate.swift in Sources */,
				1FAAE1521F97051A00858FE3 /* Tajbih.xcdatamodeld in Sources */,
			);
			runOnlyForDeploymentPostprocessing = 0;
		};
		1FAAE1591F97051A00858FE3 /* Sources */ = {
			isa = PBXSourcesBuildPhase;
			buildActionMask = 2147483647;
			files = (
				1FAAE1621F97051A00858FE3 /* TajbihTests.swift in Sources */,
			);
			runOnlyForDeploymentPostprocessing = 0;
		};
		1FAAE1641F97051A00858FE3 /* Sources */ = {
			isa = PBXSourcesBuildPhase;
			buildActionMask = 2147483647;
			files = (
				1FAAE16D1F97051A00858FE3 /* TajbihUITests.swift in Sources */,
			);
			runOnlyForDeploymentPostprocessing = 0;
		};
/* End PBXSourcesBuildPhase section */

/* Begin PBXTargetDependency section */
		1FAAE15F1F97051A00858FE3 /* PBXTargetDependency */ = {
			isa = PBXTargetDependency;
			target = 1FAAE1451F97051A00858FE3 /* Tajbih */;
			targetProxy = 1FAAE15E1F97051A00858FE3 /* PBXContainerItemProxy */;
		};
		1FAAE16A1F97051A00858FE3 /* PBXTargetDependency */ = {
			isa = PBXTargetDependency;
			target = 1FAAE1451F97051A00858FE3 /* Tajbih */;
			targetProxy = 1FAAE1691F97051A00858FE3 /* PBXContainerItemProxy */;
		};
/* End PBXTargetDependency section */

/* Begin PBXVariantGroup section */
		1FAAE14D1F97051A00858FE3 /* Main.storyboard */ = {
			isa = PBXVariantGroup;
			children = (
				1FAAE14E1F97051A00858FE3 /* Base */,
			);
			name = Main.storyboard;
			sourceTree = "<group>";
		};
		1FAAE1551F97051A00858FE3 /* LaunchScreen.storyboard */ = {
			isa = PBXVariantGroup;
			children = (
				1FAAE1561F97051A00858FE3 /* Base */,
			);
			name = LaunchScreen.storyboard;
			sourceTree = "<group>";
		};
/* End PBXVariantGroup section */

/* Begin XCBuildConfiguration section */
		1FAAE16F1F97051A00858FE3 /* Debug */ = {
			isa = XCBuildConfiguration;
			buildSettings = {
				ALWAYS_SEARCH_USER_PATHS = NO;
				CLANG_ANALYZER_NONNULL = YES;
				CLANG_ANALYZER_NUMBER_OBJECT_CONVERSION = YES_AGGRESSIVE;
				CLANG_CXX_LANGUAGE_STANDARD = "gnu++14";
				CLANG_CXX_LIBRARY = "libc++";
				CLANG_ENABLE_MODULES = YES;
				CLANG_ENABLE_OBJC_ARC = YES;
				CLANG_WARN_BLOCK_CAPTURE_AUTORELEASING = YES;
				CLANG_WARN_BOOL_CONVERSION = YES;
				CLANG_WARN_COMMA = YES;
				CLANG_WARN_CONSTANT_CONVERSION = YES;
				CLANG_WARN_DIRECT_OBJC_ISA_USAGE = YES_ERROR;
				CLANG_WARN_DOCUMENTATION_COMMENTS = YES;
				CLANG_WARN_EMPTY_BODY = YES;
				CLANG_WARN_ENUM_CONVERSION = YES;
				CLANG_WARN_INFINITE_RECURSION = YES;
				CLANG_WARN_INT_CONVERSION = YES;
				CLANG_WARN_NON_LITERAL_NULL_CONVERSION = YES;
				CLANG_WARN_OBJC_LITERAL_CONVERSION = YES;
				CLANG_WARN_OBJC_ROOT_CLASS = YES_ERROR;
				CLANG_WARN_RANGE_LOOP_ANALYSIS = YES;
				CLANG_WARN_STRICT_PROTOTYPES = YES;
				CLANG_WARN_SUSPICIOUS_MOVE = YES;
				CLANG_WARN_UNGUARDED_AVAILABILITY = YES_AGGRESSIVE;
				CLANG_WARN_UNREACHABLE_CODE = YES;
				CLANG_WARN__DUPLICATE_METHOD_MATCH = YES;
				CODE_SIGN_IDENTITY = "iPhone Developer";
				COPY_PHASE_STRIP = NO;
				DEBUG_INFORMATION_FORMAT = dwarf;
				ENABLE_STRICT_OBJC_MSGSEND = YES;
				ENABLE_TESTABILITY = YES;
				GCC_C_LANGUAGE_STANDARD = gnu11;
				GCC_DYNAMIC_NO_PIC = NO;
				GCC_NO_COMMON_BLOCKS = YES;
				GCC_OPTIMIZATION_LEVEL = 0;
				GCC_PREPROCESSOR_DEFINITIONS = (
					"DEBUG=1",
					"$(inherited)",
				);
				GCC_WARN_64_TO_32_BIT_CONVERSION = YES;
				GCC_WARN_ABOUT_RETURN_TYPE = YES_ERROR;
				GCC_WARN_UNDECLARED_SELECTOR = YES;
				GCC_WARN_UNINITIALIZED_AUTOS = YES_AGGRESSIVE;
				GCC_WARN_UNUSED_FUNCTION = YES;
				GCC_WARN_UNUSED_VARIABLE = YES;
				IPHONEOS_DEPLOYMENT_TARGET = 11.0;
				MTL_ENABLE_DEBUG_INFO = YES;
				ONLY_ACTIVE_ARCH = YES;
				SDKROOT = iphoneos;
				SWIFT_ACTIVE_COMPILATION_CONDITIONS = DEBUG;
				SWIFT_OPTIMIZATION_LEVEL = "-Onone";
			};
			name = Debug;
		};
		1FAAE1701F97051A00858FE3 /* Release */ = {
			isa = XCBuildConfiguration;
			buildSettings = {
				ALWAYS_SEARCH_USER_PATHS = NO;
				CLANG_ANALYZER_NONNULL = YES;
				CLANG_ANALYZER_NUMBER_OBJECT_CONVERSION = YES_AGGRESSIVE;
				CLANG_CXX_LANGUAGE_STANDARD = "gnu++14";
				CLANG_CXX_LIBRARY = "libc++";
				CLANG_ENABLE_MODULES = YES;
				CLANG_ENABLE_OBJC_ARC = YES;
				CLANG_WARN_BLOCK_CAPTURE_AUTORELEASING = YES;
				CLANG_WARN_BOOL_CONVERSION = YES;
				CLANG_WARN_COMMA = YES;
				CLANG_WARN_CONSTANT_CONVERSION = YES;
				CLANG_WARN_DIRECT_OBJC_ISA_USAGE = YES_ERROR;
				CLANG_WARN_DOCUMENTATION_COMMENTS = YES;
				CLANG_WARN_EMPTY_BODY = YES;
				CLANG_WARN_ENUM_CONVERSION = YES;
				CLANG_WARN_INFINITE_RECURSION = YES;
				CLANG_WARN_INT_CONVERSION = YES;
				CLANG_WARN_NON_LITERAL_NULL_CONVERSION = YES;
				CLANG_WARN_OBJC_LITERAL_CONVERSION = YES;
				CLANG_WARN_OBJC_ROOT_CLASS = YES_ERROR;
				CLANG_WARN_RANGE_LOOP_ANALYSIS = YES;
				CLANG_WARN_STRICT_PROTOTYPES = YES;
				CLANG_WARN_SUSPICIOUS_MOVE = YES;
				CLANG_WARN_UNGUARDED_AVAILABILITY = YES_AGGRESSIVE;
				CLANG_WARN_UNREACHABLE_CODE = YES;
				CLANG_WARN__DUPLICATE_METHOD_MATCH = YES;
				CODE_SIGN_IDENTITY = "iPhone Developer";
				COPY_PHASE_STRIP = NO;
				DEBUG_INFORMATION_FORMAT = "dwarf-with-dsym";
				ENABLE_NS_ASSERTIONS = NO;
				ENABLE_STRICT_OBJC_MSGSEND = YES;
				GCC_C_LANGUAGE_STANDARD = gnu11;
				GCC_NO_COMMON_BLOCKS = YES;
				GCC_WARN_64_TO_32_BIT_CONVERSION = YES;
				GCC_WARN_ABOUT_RETURN_TYPE = YES_ERROR;
				GCC_WARN_UNDECLARED_SELECTOR = YES;
				GCC_WARN_UNINITIALIZED_AUTOS = YES_AGGRESSIVE;
				GCC_WARN_UNUSED_FUNCTION = YES;
				GCC_WARN_UNUSED_VARIABLE = YES;
				IPHONEOS_DEPLOYMENT_TARGET = 11.0;
				MTL_ENABLE_DEBUG_INFO = NO;
				SDKROOT = iphoneos;
				SWIFT_OPTIMIZATION_LEVEL = "-Owholemodule";
				VALIDATE_PRODUCT = YES;
			};
			name = Release;
		};
		1FAAE1721F97051A00858FE3 /* Debug */ = {
			isa = XCBuildConfiguration;
			buildSettings = {
				ASSETCATALOG_COMPILER_APPICON_NAME = AppIcon;
				CODE_SIGN_STYLE = Automatic;
				DEVELOPMENT_TEAM = G52C5H2J3R;
				INFOPLIST_FILE = Tajbih/Info.plist;
				LD_RUNPATH_SEARCH_PATHS = "$(inherited) @executable_path/Frameworks";
				PRODUCT_BUNDLE_IDENTIFIER = com.md.asifulislam1gmail.Tajbih;
				PRODUCT_NAME = "$(TARGET_NAME)";
				SWIFT_VERSION = 4.0;
				TARGETED_DEVICE_FAMILY = "1,2";
			};
			name = Debug;
		};
		1FAAE1731F97051A00858FE3 /* Release */ = {
			isa = XCBuildConfiguration;
			buildSettings = {
				ASSETCATALOG_COMPILER_APPICON_NAME = AppIcon;
				CODE_SIGN_STYLE = Automatic;
				DEVELOPMENT_TEAM = G52C5H2J3R;
				INFOPLIST_FILE = Tajbih/Info.plist;
				LD_RUNPATH_SEARCH_PATHS = "$(inherited) @executable_path/Frameworks";
				PRODUCT_BUNDLE_IDENTIFIER = com.md.asifulislam1gmail.Tajbih;
				PRODUCT_NAME = "$(TARGET_NAME)";
				SWIFT_VERSION = 4.0;
				TARGETED_DEVICE_FAMILY = "1,2";
			};
			name = Release;
		};
		1FAAE1751F97051A00858FE3 /* Debug */ = {
			isa = XCBuildConfiguration;
			buildSettings = {
				ALWAYS_EMBED_SWIFT_STANDARD_LIBRARIES = YES;
				BUNDLE_LOADER = "$(TEST_HOST)";
				CODE_SIGN_STYLE = Automatic;
				DEVELOPMENT_TEAM = G52C5H2J3R;
				INFOPLIST_FILE = TajbihTests/Info.plist;
				LD_RUNPATH_SEARCH_PATHS = "$(inherited) @executable_path/Frameworks @loader_path/Frameworks";
				PRODUCT_BUNDLE_IDENTIFIER = com.md.asifulislam1gmail.TajbihTests;
				PRODUCT_NAME = "$(TARGET_NAME)";
				SWIFT_VERSION = 4.0;
				TARGETED_DEVICE_FAMILY = "1,2";
				TEST_HOST = "$(BUILT_PRODUCTS_DIR)/Tajbih.app/Tajbih";
			};
			name = Debug;
		};
		1FAAE1761F97051A00858FE3 /* Release */ = {
			isa = XCBuildConfiguration;
			buildSettings = {
				ALWAYS_EMBED_SWIFT_STANDARD_LIBRARIES = YES;
				BUNDLE_LOADER = "$(TEST_HOST)";
				CODE_SIGN_STYLE = Automatic;
				DEVELOPMENT_TEAM = G52C5H2J3R;
				INFOPLIST_FILE = TajbihTests/Info.plist;
				LD_RUNPATH_SEARCH_PATHS = "$(inherited) @executable_path/Frameworks @loader_path/Frameworks";
				PRODUCT_BUNDLE_IDENTIFIER = com.md.asifulislam1gmail.TajbihTests;
				PRODUCT_NAME = "$(TARGET_NAME)";
				SWIFT_VERSION = 4.0;
				TARGETED_DEVICE_FAMILY = "1,2";
				TEST_HOST = "$(BUILT_PRODUCTS_DIR)/Tajbih.app/Tajbih";
			};
			name = Release;
		};
		1FAAE1781F97051A00858FE3 /* Debug */ = {
			isa = XCBuildConfiguration;
			buildSettings = {
				ALWAYS_EMBED_SWIFT_STANDARD_LIBRARIES = YES;
				CODE_SIGN_STYLE = Automatic;
				DEVELOPMENT_TEAM = G52C5H2J3R;
				INFOPLIST_FILE = TajbihUITests/Info.plist;
				LD_RUNPATH_SEARCH_PATHS = "$(inherited) @executable_path/Frameworks @loader_path/Frameworks";
				PRODUCT_BUNDLE_IDENTIFIER = com.md.asifulislam1gmail.TajbihUITests;
				PRODUCT_NAME = "$(TARGET_NAME)";
				SWIFT_VERSION = 4.0;
				TARGETED_DEVICE_FAMILY = "1,2";
				TEST_TARGET_NAME = Tajbih;
			};
			name = Debug;
		};
		1FAAE1791F97051A00858FE3 /* Release */ = {
			isa = XCBuildConfiguration;
			buildSettings = {
				ALWAYS_EMBED_SWIFT_STANDARD_LIBRARIES = YES;
				CODE_SIGN_STYLE = Automatic;
				DEVELOPMENT_TEAM = G52C5H2J3R;
				INFOPLIST_FILE = TajbihUITests/Info.plist;
				LD_RUNPATH_SEARCH_PATHS = "$(inherited) @executable_path/Frameworks @loader_path/Frameworks";
				PRODUCT_BUNDLE_IDENTIFIER = com.md.asifulislam1gmail.TajbihUITests;
				PRODUCT_NAME = "$(TARGET_NAME)";
				SWIFT_VERSION = 4.0;
				TARGETED_DEVICE_FAMILY = "1,2";
				TEST_TARGET_NAME = Tajbih;
			};
			name = Release;
		};
/* End XCBuildConfiguration section */

/* Begin XCConfigurationList section */
		1FAAE1411F97051A00858FE3 /* Build configuration list for PBXProject "Tajbih" */ = {
			isa = XCConfigurationList;
			buildConfigurations = (
				1FAAE16F1F97051A00858FE3 /* Debug */,
				1FAAE1701F97051A00858FE3 /* Release */,
			);
			defaultConfigurationIsVisible = 0;
			defaultConfigurationName = Release;
		};
		1FAAE1711F97051A00858FE3 /* Build configuration list for PBXNativeTarget "Tajbih" */ = {
			isa = XCConfigurationList;
			buildConfigurations = (
				1FAAE1721F97051A00858FE3 /* Debug */,
				1FAAE1731F97051A00858FE3 /* Release */,
			);
			defaultConfigurationIsVisible = 0;
			defaultConfigurationName = Release;
		};
		1FAAE1741F97051A00858FE3 /* Build configuration list for PBXNativeTarget "TajbihTests" */ = {
			isa = XCConfigurationList;
			buildConfigurations = (
				1FAAE1751F97051A00858FE3 /* Debug */,
				1FAAE1761F97051A00858FE3 /* Release */,
			);
			defaultConfigurationIsVisible = 0;
			defaultConfigurationName = Release;
		};
		1FAAE1771F97051A00858FE3 /* Build configuration list for PBXNativeTarget "TajbihUITests" */ = {
			isa = XCConfigurationList;
			buildConfigurations = (
				1FAAE1781F97051A00858FE3 /* Debug */,
				1FAAE1791F97051A00858FE3 /* Release */,
			);
			defaultConfigurationIsVisible = 0;
			defaultConfigurationName = Release;
		};
/* End XCConfigurationList section */

/* Begin XCVersionGroup section */
		1FAAE1501F97051A00858FE3 /* Tajbih.xcdatamodeld */ = {
			isa = XCVersionGroup;
			children = (
				1FAAE1511F97051A00858FE3 /* Tajbih.xcdatamodel */,
			);
			currentVersion = 1FAAE1511F97051A00858FE3 /* Tajbih.xcdatamodel */;
			path = Tajbih.xcdatamodeld;
			sourceTree = "<group>";
			versionGroupType = wrapper.xcdatamodel;
		};
/* End XCVersionGroup section */
	};
	rootObject = 1FAAE13E1F97051A00858FE3 /* Project object */;
}
